
Microsoft Visual Studio Solution File, Format Version 12.00
# Visual Studio Version 16
VisualStudioVersion = 16.0.30114.105
MinimumVisualStudioVersion = 10.0.40219.1
Project("{FAE04EC0-301F-11D3-BF4B-00C04F79EFBC}") = "appli", "appli\appli.csproj", "{B84DBE8A-592C-4510-9B29-7B6F69F793C4}"
EndProject
Project("{FAE04EC0-301F-11D3-BF4B-00C04F79EFBC}") = "ar", "ar\ar.csproj", "{125E82D1-D7F2-4211-BEA5-3F0762AA2691}"
EndProject
Project("{FAE04EC0-301F-11D3-BF4B-00C04F79EFBC}") = "ere", "ere\ere.csproj", "{1369370D-81BF-420F-BE79-40C208347A5F}"
EndProject
Global
	GlobalSection(SolutionConfigurationPlatforms) = preSolution
		Debug|Any CPU = Debug|Any CPU
		Debug|x64 = Debug|x64
		Debug|x86 = Debug|x86
		Release|Any CPU = Release|Any CPU
		Release|x64 = Release|x64
		Release|x86 = Release|x86
	EndGlobalSection
	GlobalSection(SolutionProperties) = preSolution
		HideSolutionNode = FALSE
	EndGlobalSection
	GlobalSection(ProjectConfigurationPlatforms) = postSolution
		{B84DBE8A-592C-4510-9B29-7B6F69F793C4}.Debug|Any CPU.ActiveCfg = Debug|Any CPU
		{B84DBE8A-592C-4510-9B29-7B6F69F793C4}.Debug|Any CPU.Build.0 = Debug|Any CPU
		{B84DBE8A-592C-4510-9B29-7B6F69F793C4}.Debug|x64.ActiveCfg = Debug|Any CPU
		{B84DBE8A-592C-4510-9B29-7B6F69F793C4}.Debug|x64.Build.0 = Debug|Any CPU
		{B84DBE8A-592C-4510-9B29-7B6F69F793C4}.Debug|x86.ActiveCfg = Debug|Any CPU
		{B84DBE8A-592C-4510-9B29-7B6F69F793C4}.Debug|x86.Build.0 = Debug|Any CPU
		{B84DBE8A-592C-4510-9B29-7B6F69F793C4}.Release|Any CPU.ActiveCfg = Release|Any CPU
		{B84DBE8A-592C-4510-9B29-7B6F69F793C4}.Release|Any CPU.Build.0 = Release|Any CPU
		{B84DBE8A-592C-4510-9B29-7B6F69F793C4}.Release|x64.ActiveCfg = Release|Any CPU
		{B84DBE8A-592C-4510-9B29-7B6F69F793C4}.Release|x64.Build.0 = Release|Any CPU
		{B84DBE8A-592C-4510-9B29-7B6F69F793C4}.Release|x86.ActiveCfg = Release|Any CPU
		{B84DBE8A-592C-4510-9B29-7B6F69F793C4}.Release|x86.Build.0 = Release|Any CPU
		{125E82D1-D7F2-4211-BEA5-3F0762AA2691}.Debug|Any CPU.ActiveCfg = Debug|Any CPU
		{125E82D1-D7F2-4211-BEA5-3F0762AA2691}.Debug|Any CPU.Build.0 = Debug|Any CPU
		{125E82D1-D7F2-4211-BEA5-3F0762AA2691}.Debug|x64.ActiveCfg = Debug|Any CPU
		{125E82D1-D7F2-4211-BEA5-3F0762AA2691}.Debug|x64.Build.0 = Debug|Any CPU
		{125E82D1-D7F2-4211-BEA5-3F0762AA2691}.Debug|x86.ActiveCfg = Debug|Any CPU
		{125E82D1-D7F2-4211-BEA5-3F0762AA2691}.Debug|x86.Build.0 = Debug|Any CPU
		{125E82D1-D7F2-4211-BEA5-3F0762AA2691}.Release|Any CPU.ActiveCfg = Release|Any CPU
		{125E82D1-D7F2-4211-BEA5-3F0762AA2691}.Release|Any CPU.Build.0 = Release|Any CPU
		{125E82D1-D7F2-4211-BEA5-3F0762AA2691}.Release|x64.ActiveCfg = Release|Any CPU
		{125E82D1-D7F2-4211-BEA5-3F0762AA2691}.Release|x64.Build.0 = Release|Any CPU
		{125E82D1-D7F2-4211-BEA5-3F0762AA2691}.Release|x86.ActiveCfg = Release|Any CPU
		{125E82D1-D7F2-4211-BEA5-3F0762AA2691}.Release|x86.Build.0 = Release|Any CPU
		{1369370D-81BF-420F-BE79-40C208347A5F}.Debug|Any CPU.ActiveCfg = Debug|Any CPU
		{1369370D-81BF-420F-BE79-40C208347A5F}.Debug|Any CPU.Build.0 = Debug|Any CPU
		{1369370D-81BF-420F-BE79-40C208347A5F}.Debug|x64.ActiveCfg = Debug|Any CPU
		{1369370D-81BF-420F-BE79-40C208347A5F}.Debug|x64.Build.0 = Debug|Any CPU
		{1369370D-81BF-420F-BE79-40C208347A5F}.Debug|x86.ActiveCfg = Debug|Any CPU
		{1369370D-81BF-420F-BE79-40C208347A5F}.Debug|x86.Build.0 = Debug|Any CPU
		{1369370D-81BF-420F-BE79-40C208347A5F}.Release|Any CPU.ActiveCfg = Release|Any CPU
		{1369370D-81BF-420F-BE79-40C208347A5F}.Release|Any CPU.Build.0 = Release|Any CPU
		{1369370D-81BF-420F-BE79-40C208347A5F}.Release|x64.ActiveCfg = Release|Any CPU
		{1369370D-81BF-420F-BE79-40C208347A5F}.Release|x64.Build.0 = Release|Any CPU
		{1369370D-81BF-420F-BE79-40C208347A5F}.Release|x86.ActiveCfg = Release|Any CPU
		{1369370D-81BF-420F-BE79-40C208347A5F}.Release|x86.Build.0 = Release|Any CPU
	EndGlobalSection
EndGlobal
